
Microsoft Visual Studio Solution File, Format Version 12.00
# Visual Studio Version 16
VisualStudioVersion = 16.0.30907.101
MinimumVisualStudioVersion = 10.0.40219.1
Project("{FAE04EC0-301F-11D3-BF4B-00C04F79EFBC}") = "ekzamen_zhur_3-2", "ekzamen_zhur_3-2.\ekzamen_zhur_3-2.csproj", "{BB65F93F-FDA9-47A5-B815-B609CD093CFD}"
EndProject
Global
	GlobalSection(SolutionConfigurationPlatforms) = preSolution
		Debug|Any CPU = Debug|Any CPU
		Release|Any CPU = Release|Any CPU
	EndGlobalSection
	GlobalSection(ProjectConfigurationPlatforms) = postSolution
		{BB65F93F-FDA9-47A5-B815-B609CD093CFD}.Debug|Any CPU.ActiveCfg = Debug|Any CPU
		{BB65F93F-FDA9-47A5-B815-B609CD093CFD}.Debug|Any CPU.Build.0 = Debug|Any CPU
		{BB65F93F-FDA9-47A5-B815-B609CD093CFD}.Release|Any CPU.ActiveCfg = Release|Any CPU
		{BB65F93F-FDA9-47A5-B815-B609CD093CFD}.Release|Any CPU.Build.0 = Release|Any CPU
	EndGlobalSection
	GlobalSection(SolutionProperties) = preSolution
		HideSolutionNode = FALSE
	EndGlobalSection
	GlobalSection(ExtensibilityGlobals) = postSolution
		SolutionGuid = {964DA9F8-F6A2-439D-9896-A039C2D2C2E8}
	EndGlobalSection
EndGlobal
